
Microsoft Visual Studio Solution File, Format Version 12.00
# Visual Studio Version 17
VisualStudioVersion = 17.5.33627.172
MinimumVisualStudioVersion = 10.0.40219.1
Project("{9A19103F-16F7-4668-BE54-9A1E7A4F7556}") = "Homework_4", "Homework_4\Homework_4.csproj", "{EF3BC5D8-45E5-494A-8AA7-23773A4B54CC}"
EndProject
Global
	GlobalSection(SolutionConfigurationPlatforms) = preSolution
		Debug|Any CPU = Debug|Any CPU
		Release|Any CPU = Release|Any CPU
	EndGlobalSection
	GlobalSection(ProjectConfigurationPlatforms) = postSolution
		{EF3BC5D8-45E5-494A-8AA7-23773A4B54CC}.Debug|Any CPU.ActiveCfg = Debug|Any CPU
		{EF3BC5D8-45E5-494A-8AA7-23773A4B54CC}.Debug|Any CPU.Build.0 = Debug|Any CPU
		{EF3BC5D8-45E5-494A-8AA7-23773A4B54CC}.Release|Any CPU.ActiveCfg = Release|Any CPU
		{EF3BC5D8-45E5-494A-8AA7-23773A4B54CC}.Release|Any CPU.Build.0 = Release|Any CPU
	EndGlobalSection
	GlobalSection(SolutionProperties) = preSolution
		HideSolutionNode = FALSE
	EndGlobalSection
	GlobalSection(ExtensibilityGlobals) = postSolution
		SolutionGuid = {E819E16F-4ADF-4F1F-956D-1AAB1D2BADFA}
	EndGlobalSection
EndGlobal
